
Microsoft Visual Studio Solution File, Format Version 12.00
# Visual Studio Version 17
VisualStudioVersion = 17.1.32228.430
MinimumVisualStudioVersion = 10.0.40219.1
Project("{9A19103F-16F7-4668-BE54-9A1E7A4F7556}") = "1_uebungen_Verzweigungen", "1_uebungen_Verzweigungen\1_uebungen_Verzweigungen.csproj", "{0096138F-E2AD-48F0-8826-3D77217E87C7}"
EndProject
Project("{9A19103F-16F7-4668-BE54-9A1E7A4F7556}") = "2_Uebung_KA_2", "2_Uebung_KA_2\2_Uebung_KA_2.csproj", "{AD3945D6-B8A6-4AEC-AE95-CBA46A154088}"
EndProject
Project("{FAE04EC0-301F-11D3-BF4B-00C04F79EFBC}") = "Do-While Schleifen", "Do-While Schleifen\Do-While Schleifen.csproj", "{D0D9FE3D-5E93-440E-94CA-F0C8C9A45A06}"
EndProject
Global
	GlobalSection(SolutionConfigurationPlatforms) = preSolution
		Debug|Any CPU = Debug|Any CPU
		Release|Any CPU = Release|Any CPU
	EndGlobalSection
	GlobalSection(ProjectConfigurationPlatforms) = postSolution
		{0096138F-E2AD-48F0-8826-3D77217E87C7}.Debug|Any CPU.ActiveCfg = Debug|Any CPU
		{0096138F-E2AD-48F0-8826-3D77217E87C7}.Debug|Any CPU.Build.0 = Debug|Any CPU
		{0096138F-E2AD-48F0-8826-3D77217E87C7}.Release|Any CPU.ActiveCfg = Release|Any CPU
		{0096138F-E2AD-48F0-8826-3D77217E87C7}.Release|Any CPU.Build.0 = Release|Any CPU
		{AD3945D6-B8A6-4AEC-AE95-CBA46A154088}.Debug|Any CPU.ActiveCfg = Debug|Any CPU
		{AD3945D6-B8A6-4AEC-AE95-CBA46A154088}.Debug|Any CPU.Build.0 = Debug|Any CPU
		{AD3945D6-B8A6-4AEC-AE95-CBA46A154088}.Release|Any CPU.ActiveCfg = Release|Any CPU
		{AD3945D6-B8A6-4AEC-AE95-CBA46A154088}.Release|Any CPU.Build.0 = Release|Any CPU
		{D0D9FE3D-5E93-440E-94CA-F0C8C9A45A06}.Debug|Any CPU.ActiveCfg = Debug|Any CPU
		{D0D9FE3D-5E93-440E-94CA-F0C8C9A45A06}.Debug|Any CPU.Build.0 = Debug|Any CPU
		{D0D9FE3D-5E93-440E-94CA-F0C8C9A45A06}.Release|Any CPU.ActiveCfg = Release|Any CPU
		{D0D9FE3D-5E93-440E-94CA-F0C8C9A45A06}.Release|Any CPU.Build.0 = Release|Any CPU
	EndGlobalSection
	GlobalSection(SolutionProperties) = preSolution
		HideSolutionNode = FALSE
	EndGlobalSection
	GlobalSection(ExtensibilityGlobals) = postSolution
		SolutionGuid = {2A351C21-B8D1-4E63-B28E-29C65C26196C}
	EndGlobalSection
EndGlobal
